
Microsoft Visual Studio Solution File, Format Version 12.00
# Visual Studio Version 17
VisualStudioVersion = 17.14.37111.16 d17.14
MinimumVisualStudioVersion = 10.0.40219.1
Project("{2150E333-8FDC-42A3-9474-1A3956D46DE8}") = "Apis", "Apis", "{02EA681E-C7D8-13C7-8484-4AC65E1B71E8}"
EndProject
Project("{2150E333-8FDC-42A3-9474-1A3956D46DE8}") = "Class librarise", "Class librarise", "{E6D38034-9733-4914-9011-6C48B9EE42E8}"
EndProject
Project("{2150E333-8FDC-42A3-9474-1A3956D46DE8}") = "Testcases", "Testcases", "{63CA1277-ABC4-448A-BC8D-969661197EAC}"
EndProject
Project("{FAE04EC0-301F-11D3-BF4B-00C04F79EFBC}") = "Employeecontroller", "Employeecontroller\Employeecontroller.csproj", "{F1CD076B-4A76-4500-95ED-D615A91E674F}"
EndProject
Project("{FAE04EC0-301F-11D3-BF4B-00C04F79EFBC}") = "Employee Reppsitory", "employee reppsitory\Employee Reppsitory.csproj", "{DFD059D2-5064-41C7-B8EB-423D1530F2EC}"
EndProject
Project("{FAE04EC0-301F-11D3-BF4B-00C04F79EFBC}") = "Employee Service", "Employee service\Employee Service.csproj", "{B36F3BDE-8373-449F-BFC3-F5A31E1758FA}"
EndProject
Project("{FAE04EC0-301F-11D3-BF4B-00C04F79EFBC}") = "Entities", "Entities\Entities.csproj", "{7637111F-444A-4848-AC7D-C6C6A211FE76}"
EndProject
Project("{FAE04EC0-301F-11D3-BF4B-00C04F79EFBC}") = "Dbconnectivity", "Dbconnectivity\Dbconnectivity.csproj", "{9BD8D261-32F3-404E-A803-52722B7457B6}"
EndProject
Global
	GlobalSection(SolutionConfigurationPlatforms) = preSolution
		Debug|Any CPU = Debug|Any CPU
		Release|Any CPU = Release|Any CPU
	EndGlobalSection
	GlobalSection(ProjectConfigurationPlatforms) = postSolution
		{F1CD076B-4A76-4500-95ED-D615A91E674F}.Debug|Any CPU.ActiveCfg = Debug|Any CPU
		{F1CD076B-4A76-4500-95ED-D615A91E674F}.Debug|Any CPU.Build.0 = Debug|Any CPU
		{F1CD076B-4A76-4500-95ED-D615A91E674F}.Release|Any CPU.ActiveCfg = Release|Any CPU
		{F1CD076B-4A76-4500-95ED-D615A91E674F}.Release|Any CPU.Build.0 = Release|Any CPU
		{DFD059D2-5064-41C7-B8EB-423D1530F2EC}.Debug|Any CPU.ActiveCfg = Debug|Any CPU
		{DFD059D2-5064-41C7-B8EB-423D1530F2EC}.Debug|Any CPU.Build.0 = Debug|Any CPU
		{DFD059D2-5064-41C7-B8EB-423D1530F2EC}.Release|Any CPU.ActiveCfg = Release|Any CPU
		{DFD059D2-5064-41C7-B8EB-423D1530F2EC}.Release|Any CPU.Build.0 = Release|Any CPU
		{B36F3BDE-8373-449F-BFC3-F5A31E1758FA}.Debug|Any CPU.ActiveCfg = Debug|Any CPU
		{B36F3BDE-8373-449F-BFC3-F5A31E1758FA}.Debug|Any CPU.Build.0 = Debug|Any CPU
		{B36F3BDE-8373-449F-BFC3-F5A31E1758FA}.Release|Any CPU.ActiveCfg = Release|Any CPU
		{B36F3BDE-8373-449F-BFC3-F5A31E1758FA}.Release|Any CPU.Build.0 = Release|Any CPU
		{7637111F-444A-4848-AC7D-C6C6A211FE76}.Debug|Any CPU.ActiveCfg = Debug|Any CPU
		{7637111F-444A-4848-AC7D-C6C6A211FE76}.Debug|Any CPU.Build.0 = Debug|Any CPU
		{7637111F-444A-4848-AC7D-C6C6A211FE76}.Release|Any CPU.ActiveCfg = Release|Any CPU
		{7637111F-444A-4848-AC7D-C6C6A211FE76}.Release|Any CPU.Build.0 = Release|Any CPU
		{9BD8D261-32F3-404E-A803-52722B7457B6}.Debug|Any CPU.ActiveCfg = Debug|Any CPU
		{9BD8D261-32F3-404E-A803-52722B7457B6}.Debug|Any CPU.Build.0 = Debug|Any CPU
		{9BD8D261-32F3-404E-A803-52722B7457B6}.Release|Any CPU.ActiveCfg = Release|Any CPU
		{9BD8D261-32F3-404E-A803-52722B7457B6}.Release|Any CPU.Build.0 = Release|Any CPU
	EndGlobalSection
	GlobalSection(SolutionProperties) = preSolution
		HideSolutionNode = FALSE
	EndGlobalSection
	GlobalSection(NestedProjects) = preSolution
		{F1CD076B-4A76-4500-95ED-D615A91E674F} = {02EA681E-C7D8-13C7-8484-4AC65E1B71E8}
		{DFD059D2-5064-41C7-B8EB-423D1530F2EC} = {E6D38034-9733-4914-9011-6C48B9EE42E8}
		{B36F3BDE-8373-449F-BFC3-F5A31E1758FA} = {E6D38034-9733-4914-9011-6C48B9EE42E8}
		{7637111F-444A-4848-AC7D-C6C6A211FE76} = {E6D38034-9733-4914-9011-6C48B9EE42E8}
		{9BD8D261-32F3-404E-A803-52722B7457B6} = {E6D38034-9733-4914-9011-6C48B9EE42E8}
	EndGlobalSection
	GlobalSection(ExtensibilityGlobals) = postSolution
		SolutionGuid = {6DFD16CD-778D-4794-A7C4-F18B3DAE5EA9}
	EndGlobalSection
EndGlobal
